
Microsoft Visual Studio Solution File, Format Version 12.00
# Visual Studio Version 17
VisualStudioVersion = 17.2.32602.215
MinimumVisualStudioVersion = 10.0.40219.1
Project("{FAE04EC0-301F-11D3-BF4B-00C04F79EFBC}") = "ADminLTE3DotNet6", "ADminLTE3DotNet6\ADminLTE3DotNet6.csproj", "{7634F50F-6248-4AFA-8EA1-8CE8980D9335}"
EndProject
Global
	GlobalSection(SolutionConfigurationPlatforms) = preSolution
		Debug|Any CPU = Debug|Any CPU
		Release|Any CPU = Release|Any CPU
	EndGlobalSection
	GlobalSection(ProjectConfigurationPlatforms) = postSolution
		{7634F50F-6248-4AFA-8EA1-8CE8980D9335}.Debug|Any CPU.ActiveCfg = Debug|Any CPU
		{7634F50F-6248-4AFA-8EA1-8CE8980D9335}.Debug|Any CPU.Build.0 = Debug|Any CPU
		{7634F50F-6248-4AFA-8EA1-8CE8980D9335}.Release|Any CPU.ActiveCfg = Release|Any CPU
		{7634F50F-6248-4AFA-8EA1-8CE8980D9335}.Release|Any CPU.Build.0 = Release|Any CPU
	EndGlobalSection
	GlobalSection(SolutionProperties) = preSolution
		HideSolutionNode = FALSE
	EndGlobalSection
	GlobalSection(ExtensibilityGlobals) = postSolution
		SolutionGuid = {95B96C5B-4FFB-4FAD-B3FB-97D0C15E640F}
	EndGlobalSection
EndGlobal
